
Microsoft Visual Studio Solution File, Format Version 12.00
# Visual Studio Version 17
VisualStudioVersion = 17.0.32112.339
MinimumVisualStudioVersion = 10.0.40219.1
Project("{FAE04EC0-301F-11D3-BF4B-00C04F79EFBC}") = "xDev", "xDev\xDev.csproj", "{28C1F828-19B4-43B9-B726-DCAA579948D5}"
EndProject
Global
	GlobalSection(SolutionConfigurationPlatforms) = preSolution
		Debug|Any CPU = Debug|Any CPU
		Debug|x64 = Debug|x64
		Release|Any CPU = Release|Any CPU
		Release|x64 = Release|x64
	EndGlobalSection
	GlobalSection(ProjectConfigurationPlatforms) = postSolution
		{28C1F828-19B4-43B9-B726-DCAA579948D5}.Debug|Any CPU.ActiveCfg = Debug|x64
		{28C1F828-19B4-43B9-B726-DCAA579948D5}.Debug|x64.ActiveCfg = Debug|x64
		{28C1F828-19B4-43B9-B726-DCAA579948D5}.Debug|x64.Build.0 = Debug|x64
		{28C1F828-19B4-43B9-B726-DCAA579948D5}.Release|Any CPU.ActiveCfg = Release|x64
		{28C1F828-19B4-43B9-B726-DCAA579948D5}.Release|x64.ActiveCfg = Release|x64
		{28C1F828-19B4-43B9-B726-DCAA579948D5}.Release|x64.Build.0 = Release|x64
	EndGlobalSection
	GlobalSection(SolutionProperties) = preSolution
		HideSolutionNode = FALSE
	EndGlobalSection
	GlobalSection(ExtensibilityGlobals) = postSolution
		SolutionGuid = {9CF56479-E100-48E0-99F3-F372B4CD91B3}
	EndGlobalSection
EndGlobal
